// !$*UTF8*$!
{
	archiveVersion = 1;
	classes = {
	};
	objectVersion = 52;
	objects = {

/* Begin PBXBuildFile section */
		028C4D06A413FBFCA577DF84 /* Shop.swift in Sources */ = {isa = PBXBuildFile; fileRef = CB73E3E8DC295F45127FE5E8 /* Shop.swift */; };
		0420CD26DAB5BED4E8E6D0C7 /* User.swift in Sources */ = {isa = PBXBuildFile; fileRef = B5DB53AC09E4B0D9692D123E /* User.swift */; };
		0A6FEFEF0C2B90F1F938C924 /* User.swift in Sources */ = {isa = PBXBuildFile; fileRef = B5DB53AC09E4B0D9692D123E /* User.swift */; };
		10FD281BEDAA324481B9D84D /* Coupon+Schema.swift in Sources */ = {isa = PBXBuildFile; fileRef = 94357E1B1948FF3DB83DDEB9 /* Coupon+Schema.swift */; };
		1B130EDFEC7171232F5D0997 /* amplifyconfiguration.json in Resources */ = {isa = PBXBuildFile; fileRef = A915C7424164321D6D5988CD /* amplifyconfiguration.json */; };
		1C5E54461E1E4976531B0B3D /* Coupon+Schema.swift in Sources */ = {isa = PBXBuildFile; fileRef = 94357E1B1948FF3DB83DDEB9 /* Coupon+Schema.swift */; };
		260DAA48E83A0BA6E287E696 /* User+Schema.swift in Sources */ = {isa = PBXBuildFile; fileRef = 23A358A96C48BFC4546074F2 /* User+Schema.swift */; };
		3050C46C70A3246DB4289534 /* AmplifyModels.swift in Sources */ = {isa = PBXBuildFile; fileRef = 2D3B935D45FBC5F0DC2B49B0 /* AmplifyModels.swift */; };
		34E3A3634C106974C20769C3 /* amplifyconfiguration.json in Resources */ = {isa = PBXBuildFile; fileRef = A915C7424164321D6D5988CD /* amplifyconfiguration.json */; };
		377E21EA3092D582E9FD6CB0 /* awsconfiguration.json in Resources */ = {isa = PBXBuildFile; fileRef = 54E7404AE3EB3AB05143C2CC /* awsconfiguration.json */; };
		3A893B63A171707E3CA30F53 /* AmplifyModels.swift in Sources */ = {isa = PBXBuildFile; fileRef = 2D3B935D45FBC5F0DC2B49B0 /* AmplifyModels.swift */; };
		465604221F1F932682B34068 /* amplifyconfiguration.json in Resources */ = {isa = PBXBuildFile; fileRef = A915C7424164321D6D5988CD /* amplifyconfiguration.json */; };
		4C978BC44F17538BF135BC00 /* awsconfiguration.json in Resources */ = {isa = PBXBuildFile; fileRef = 54E7404AE3EB3AB05143C2CC /* awsconfiguration.json */; };
		560F3FF970C11D41E683ABEB /* amplifyconfiguration.json in Resources */ = {isa = PBXBuildFile; fileRef = A915C7424164321D6D5988CD /* amplifyconfiguration.json */; };
		575C167F95002D52CB75F479 /* Shop+Schema.swift in Sources */ = {isa = PBXBuildFile; fileRef = 4B757D31103D16D0C532FB15 /* Shop+Schema.swift */; };
		57A709CB3297191DCF328F80 /* Shop.swift in Sources */ = {isa = PBXBuildFile; fileRef = CB73E3E8DC295F45127FE5E8 /* Shop.swift */; };
		63EED85615208C0BBCA192C4 /* awsconfiguration.json in Resources */ = {isa = PBXBuildFile; fileRef = 54E7404AE3EB3AB05143C2CC /* awsconfiguration.json */; };
		6F75BE5AD5FF5F3B77940331 /* Shop+Schema.swift in Sources */ = {isa = PBXBuildFile; fileRef = 4B757D31103D16D0C532FB15 /* Shop+Schema.swift */; };
		6F9A13C1FD36E890CAB39C01 /* Coupon.swift in Sources */ = {isa = PBXBuildFile; fileRef = D243E9D7602057AED6CAABC1 /* Coupon.swift */; };
		6FF5638C14263F4ADF6A75AF /* Shop.swift in Sources */ = {isa = PBXBuildFile; fileRef = CB73E3E8DC295F45127FE5E8 /* Shop.swift */; };
		79139B5BBAB01DE4CD9813B4 /* awsconfiguration.json in Resources */ = {isa = PBXBuildFile; fileRef = 54E7404AE3EB3AB05143C2CC /* awsconfiguration.json */; };
		879B30AE522AB275C2592BB2 /* User+Schema.swift in Sources */ = {isa = PBXBuildFile; fileRef = 23A358A96C48BFC4546074F2 /* User+Schema.swift */; };
		87ABF2011F567EC839A9117B /* amplifyconfiguration.json in Resources */ = {isa = PBXBuildFile; fileRef = A915C7424164321D6D5988CD /* amplifyconfiguration.json */; };
		89F0DA847A24DE798690A2D0 /* Coupon+Schema.swift in Sources */ = {isa = PBXBuildFile; fileRef = 94357E1B1948FF3DB83DDEB9 /* Coupon+Schema.swift */; };
		949D36C0CCEC37C109611343 /* Coupon.swift in Sources */ = {isa = PBXBuildFile; fileRef = D243E9D7602057AED6CAABC1 /* Coupon.swift */; };
		9575366CD3892D2349F74477 /* User+Schema.swift in Sources */ = {isa = PBXBuildFile; fileRef = 23A358A96C48BFC4546074F2 /* User+Schema.swift */; };
		97AEBE380ED3590A1E943EC3 /* amplifyconfiguration.json in Resources */ = {isa = PBXBuildFile; fileRef = A915C7424164321D6D5988CD /* amplifyconfiguration.json */; };
		9837A183A0A060107043D42A /* Shop+Schema.swift in Sources */ = {isa = PBXBuildFile; fileRef = 4B757D31103D16D0C532FB15 /* Shop+Schema.swift */; };
		9A18572F4FEC7D011F59BE81 /* amplifyconfiguration.json in Resources */ = {isa = PBXBuildFile; fileRef = A915C7424164321D6D5988CD /* amplifyconfiguration.json */; };
		A38E8CD7A5971DDD9DC79038 /* User.swift in Sources */ = {isa = PBXBuildFile; fileRef = B5DB53AC09E4B0D9692D123E /* User.swift */; };
		A479461A518CDB0179DC1FE2 /* Shop.swift in Sources */ = {isa = PBXBuildFile; fileRef = CB73E3E8DC295F45127FE5E8 /* Shop.swift */; };
		A64CFFD096DECA32D850C532 /* Coupon.swift in Sources */ = {isa = PBXBuildFile; fileRef = D243E9D7602057AED6CAABC1 /* Coupon.swift */; };
		C2B15C8C850060237E4EE460 /* User+Schema.swift in Sources */ = {isa = PBXBuildFile; fileRef = 23A358A96C48BFC4546074F2 /* User+Schema.swift */; };
		C47D33206B9714BA8385068F /* amplifyconfiguration.json in Resources */ = {isa = PBXBuildFile; fileRef = A915C7424164321D6D5988CD /* amplifyconfiguration.json */; };
		C5EB90AB2EDED021C8A0429C /* awsconfiguration.json in Resources */ = {isa = PBXBuildFile; fileRef = 54E7404AE3EB3AB05143C2CC /* awsconfiguration.json */; };
		CB4BD6EDB909B9703796D38C /* awsconfiguration.json in Resources */ = {isa = PBXBuildFile; fileRef = 54E7404AE3EB3AB05143C2CC /* awsconfiguration.json */; };
		CF14BB88F67580446DD02EBE /* awsconfiguration.json in Resources */ = {isa = PBXBuildFile; fileRef = 54E7404AE3EB3AB05143C2CC /* awsconfiguration.json */; };
		E395671E4F705FE5A46D95E7 /* Coupon+Schema.swift in Sources */ = {isa = PBXBuildFile; fileRef = 94357E1B1948FF3DB83DDEB9 /* Coupon+Schema.swift */; };
		E6B441AB5D05FA4C9BE340AC /* awsconfiguration.json in Resources */ = {isa = PBXBuildFile; fileRef = 54E7404AE3EB3AB05143C2CC /* awsconfiguration.json */; };
		EC946E1DF49F1994FD7C2A59 /* Shop+Schema.swift in Sources */ = {isa = PBXBuildFile; fileRef = 4B757D31103D16D0C532FB15 /* Shop+Schema.swift */; };
		EDAC9D5FF47DBEEF251551CC /* awsconfiguration.json in Resources */ = {isa = PBXBuildFile; fileRef = 54E7404AE3EB3AB05143C2CC /* awsconfiguration.json */; };
		EDF2BB3383CD24CDF27E0061 /* User.swift in Sources */ = {isa = PBXBuildFile; fileRef = B5DB53AC09E4B0D9692D123E /* User.swift */; };
		F25196C626A309DF0086E3F7 /* ContentView.swift in Sources */ = {isa = PBXBuildFile; fileRef = F25196C526A309DF0086E3F7 /* ContentView.swift */; };
		F25196C826A30AB00086E3F7 /* SettingView.swift in Sources */ = {isa = PBXBuildFile; fileRef = F25196C726A30AB00086E3F7 /* SettingView.swift */; };
		F25196CB26A30CEE0086E3F7 /* Color+hex.swift in Sources */ = {isa = PBXBuildFile; fileRef = F25196CA26A30CEE0086E3F7 /* Color+hex.swift */; };
		F25196D126A3551D0086E3F7 /* UIScreen+ScreenSize.swift in Sources */ = {isa = PBXBuildFile; fileRef = F25196D026A3551D0086E3F7 /* UIScreen+ScreenSize.swift */; };
		F25196D926A362280086E3F7 /* Tamil MN.ttc in Resources */ = {isa = PBXBuildFile; fileRef = F25196D826A362280086E3F7 /* Tamil MN.ttc */; };
		F25196DA26A362290086E3F7 /* Tamil MN.ttc in Resources */ = {isa = PBXBuildFile; fileRef = F25196D826A362280086E3F7 /* Tamil MN.ttc */; };
		F25196DB26A362290086E3F7 /* Tamil MN.ttc in Resources */ = {isa = PBXBuildFile; fileRef = F25196D826A362280086E3F7 /* Tamil MN.ttc */; };
		F25196DD26A3F32F0086E3F7 /* ShopMapView.swift in Sources */ = {isa = PBXBuildFile; fileRef = F25196DC26A3F32F0086E3F7 /* ShopMapView.swift */; };
		F25196DE26A3F32F0086E3F7 /* ShopMapView.swift in Sources */ = {isa = PBXBuildFile; fileRef = F25196DC26A3F32F0086E3F7 /* ShopMapView.swift */; };
		F25196DF26A3F32F0086E3F7 /* ShopMapView.swift in Sources */ = {isa = PBXBuildFile; fileRef = F25196DC26A3F32F0086E3F7 /* ShopMapView.swift */; };
		F25196E126A4154E0086E3F7 /* VersionView.swift in Sources */ = {isa = PBXBuildFile; fileRef = F25196E026A4154E0086E3F7 /* VersionView.swift */; };
		F25196E226A4154E0086E3F7 /* VersionView.swift in Sources */ = {isa = PBXBuildFile; fileRef = F25196E026A4154E0086E3F7 /* VersionView.swift */; };
		F25196E326A4154E0086E3F7 /* VersionView.swift in Sources */ = {isa = PBXBuildFile; fileRef = F25196E026A4154E0086E3F7 /* VersionView.swift */; };
		F25EFD4F26917A170025C748 /* miyagi_couponApp.swift in Sources */ = {isa = PBXBuildFile; fileRef = F25EFD4E26917A170025C748 /* miyagi_couponApp.swift */; };
		F25EFD5326917A220025C748 /* Assets.xcassets in Resources */ = {isa = PBXBuildFile; fileRef = F25EFD5226917A220025C748 /* Assets.xcassets */; };
		F25EFD5626917A220025C748 /* Preview Assets.xcassets in Resources */ = {isa = PBXBuildFile; fileRef = F25EFD5526917A220025C748 /* Preview Assets.xcassets */; };
		F25EFD6126917A220025C748 /* miyagi_couponTests.swift in Sources */ = {isa = PBXBuildFile; fileRef = F25EFD6026917A220025C748 /* miyagi_couponTests.swift */; };
		F25EFD6C26917A220025C748 /* miyagi_couponUITests.swift in Sources */ = {isa = PBXBuildFile; fileRef = F25EFD6B26917A220025C748 /* miyagi_couponUITests.swift */; };
		F25EFD7A269192520025C748 /* ShopListItem.swift in Sources */ = {isa = PBXBuildFile; fileRef = F25EFD79269192520025C748 /* ShopListItem.swift */; };
		F261FDC726A1D9F300901051 /* ShopListView.swift in Sources */ = {isa = PBXBuildFile; fileRef = F261FDC626A1D9F300901051 /* ShopListView.swift */; };
		F261FDC926A1DA9000901051 /* ShopDetailView.swift in Sources */ = {isa = PBXBuildFile; fileRef = F261FDC826A1DA9000901051 /* ShopDetailView.swift */; };
		F261FDCE26A1DBBC00901051 /* Shop+data.swift in Sources */ = {isa = PBXBuildFile; fileRef = F261FDCD26A1DBBC00901051 /* Shop+data.swift */; };
		F261FDD126A1DCF400901051 /* ShopListViewModel.swift in Sources */ = {isa = PBXBuildFile; fileRef = F261FDD026A1DCF400901051 /* ShopListViewModel.swift */; };
		F27C7EBB26B3CBC70072CC7A /* TextFieldAlertView.swift in Sources */ = {isa = PBXBuildFile; fileRef = F27C7EBA26B3CBC70072CC7A /* TextFieldAlertView.swift */; };
		F27C7EBF26B71C700072CC7A /* MTSlideToOpen.swift in Sources */ = {isa = PBXBuildFile; fileRef = F27C7EBE26B71C700072CC7A /* MTSlideToOpen.swift */; };
		F27C7EC126B84F1C0072CC7A /* NotificationManager.swift in Sources */ = {isa = PBXBuildFile; fileRef = F27C7EC026B84F1C0072CC7A /* NotificationManager.swift */; };
		F27C7EC326B857E70072CC7A /* LocationManager.swift in Sources */ = {isa = PBXBuildFile; fileRef = F27C7EC226B857E70072CC7A /* LocationManager.swift */; };
		F27C7EC526B861120072CC7A /* Appdelegate.swift in Sources */ = {isa = PBXBuildFile; fileRef = F27C7EC426B861120072CC7A /* Appdelegate.swift */; };
		F27C7ED126BBDAC60072CC7A /* Amplify in Frameworks */ = {isa = PBXBuildFile; productRef = F27C7ED026BBDAC60072CC7A /* Amplify */; };
		F27C7ED326BBDAC60072CC7A /* AWSCognitoAuthPlugin in Frameworks */ = {isa = PBXBuildFile; productRef = F27C7ED226BBDAC60072CC7A /* AWSCognitoAuthPlugin */; };
		F27C7ED526BBDAC60072CC7A /* AWSS3StoragePlugin in Frameworks */ = {isa = PBXBuildFile; productRef = F27C7ED426BBDAC60072CC7A /* AWSS3StoragePlugin */; };
		F27C7ED726BBDAC60072CC7A /* AWSAPIPlugin in Frameworks */ = {isa = PBXBuildFile; productRef = F27C7ED626BBDAC60072CC7A /* AWSAPIPlugin */; };
		F27C7ED926BBDAC60072CC7A /* AWSDataStorePlugin in Frameworks */ = {isa = PBXBuildFile; productRef = F27C7ED826BBDAC60072CC7A /* AWSDataStorePlugin */; };
		F28D61F826BE4D5600D27DBB /* SignInViewModel.swift in Sources */ = {isa = PBXBuildFile; fileRef = F28D61F726BE4D5600D27DBB /* SignInViewModel.swift */; };
		F28D61FA26BE717700D27DBB /* AuthenticationService.swift in Sources */ = {isa = PBXBuildFile; fileRef = F28D61F926BE717700D27DBB /* AuthenticationService.swift */; };
		F28D620026BE834B00D27DBB /* UserSession.swift in Sources */ = {isa = PBXBuildFile; fileRef = F28D61FF26BE834B00D27DBB /* UserSession.swift */; };
		F291067E26C0089C00D19BA6 /* Kingfisher in Frameworks */ = {isa = PBXBuildFile; productRef = F291067D26C0089C00D19BA6 /* Kingfisher */; };
		F291068026C0325100D19BA6 /* ShopViewModel.swift in Sources */ = {isa = PBXBuildFile; fileRef = F291067F26C0325100D19BA6 /* ShopViewModel.swift */; };
		F291068226C0490900D19BA6 /* ShopDetailViewModel.swift in Sources */ = {isa = PBXBuildFile; fileRef = F291068126C0490900D19BA6 /* ShopDetailViewModel.swift */; };
		F291068426C8382F00D19BA6 /* SceneDelegate.swift in Sources */ = {isa = PBXBuildFile; fileRef = F291068326C8382F00D19BA6 /* SceneDelegate.swift */; };
		F291068626C8386000D19BA6 /* Store.swift in Sources */ = {isa = PBXBuildFile; fileRef = F291068526C8386000D19BA6 /* Store.swift */; };
		F291068826C8389B00D19BA6 /* AppState.swift in Sources */ = {isa = PBXBuildFile; fileRef = F291068726C8389B00D19BA6 /* AppState.swift */; };
		F291068A26C838E600D19BA6 /* FileStorage.swift in Sources */ = {isa = PBXBuildFile; fileRef = F291068926C838E600D19BA6 /* FileStorage.swift */; };
		F291068C26C8390300D19BA6 /* FileHelper.swift in Sources */ = {isa = PBXBuildFile; fileRef = F291068B26C8390300D19BA6 /* FileHelper.swift */; };
		F291068E26C8397C00D19BA6 /* Helper.swift in Sources */ = {isa = PBXBuildFile; fileRef = F291068D26C8397C00D19BA6 /* Helper.swift */; };
		F291069026C83A7400D19BA6 /* AppAction.swift in Sources */ = {isa = PBXBuildFile; fileRef = F291068F26C83A7400D19BA6 /* AppAction.swift */; };
		F291069226C83A9B00D19BA6 /* AppError.swift in Sources */ = {isa = PBXBuildFile; fileRef = F291069126C83A9B00D19BA6 /* AppError.swift */; };
		F291069426C83B1500D19BA6 /* AppCommand.swift in Sources */ = {isa = PBXBuildFile; fileRef = F291069326C83B1500D19BA6 /* AppCommand.swift */; };
		F291069626C85E2900D19BA6 /* CancellableSet.swift in Sources */ = {isa = PBXBuildFile; fileRef = F291069526C85E2900D19BA6 /* CancellableSet.swift */; };
		F291069826C92D5100D19BA6 /* ShopEditView.swift in Sources */ = {isa = PBXBuildFile; fileRef = F291069726C92D5100D19BA6 /* ShopEditView.swift */; };
		F29602D126A477D200F1464B /* CouponView.swift in Sources */ = {isa = PBXBuildFile; fileRef = F29602D026A477D200F1464B /* CouponView.swift */; };
		F29602D326A477E100F1464B /* Coupon+data.swift in Sources */ = {isa = PBXBuildFile; fileRef = F29602D226A477E100F1464B /* Coupon+data.swift */; };
		F7DFACD626745E219BC6482D /* AmplifyModels.swift in Sources */ = {isa = PBXBuildFile; fileRef = 2D3B935D45FBC5F0DC2B49B0 /* AmplifyModels.swift */; };
		F8C19B2A7200DEB015AD0316 /* AmplifyModels.swift in Sources */ = {isa = PBXBuildFile; fileRef = 2D3B935D45FBC5F0DC2B49B0 /* AmplifyModels.swift */; };
		F9D8DD3C0686D2C10EFD5E97 /* amplifyconfiguration.json in Resources */ = {isa = PBXBuildFile; fileRef = A915C7424164321D6D5988CD /* amplifyconfiguration.json */; };
		FB21075144764D6A74B9F689 /* Coupon.swift in Sources */ = {isa = PBXBuildFile; fileRef = D243E9D7602057AED6CAABC1 /* Coupon.swift */; };
/* End PBXBuildFile section */

/* Begin PBXContainerItemProxy section */
		F25EFD5D26917A220025C748 /* PBXContainerItemProxy */ = {
			isa = PBXContainerItemProxy;
			containerPortal = F25EFD4326917A170025C748 /* Project object */;
			proxyType = 1;
			remoteGlobalIDString = F25EFD4A26917A170025C748;
			remoteInfo = miyagi_coupon;
		};
		F25EFD6826917A220025C748 /* PBXContainerItemProxy */ = {
			isa = PBXContainerItemProxy;
			containerPortal = F25EFD4326917A170025C748 /* Project object */;
			proxyType = 1;
			remoteGlobalIDString = F25EFD4A26917A170025C748;
			remoteInfo = miyagi_coupon;
		};
/* End PBXContainerItemProxy section */

/* Begin PBXFileReference section */
		23A358A96C48BFC4546074F2 /* User+Schema.swift */ = {isa = PBXFileReference; explicitFileType = sourcecode.swift; name = "User+Schema.swift"; path = "amplify/generated/models/User+Schema.swift"; sourceTree = "<group>"; };
		2D3B935D45FBC5F0DC2B49B0 /* AmplifyModels.swift */ = {isa = PBXFileReference; explicitFileType = sourcecode.swift; name = AmplifyModels.swift; path = amplify/generated/models/AmplifyModels.swift; sourceTree = "<group>"; };
		4B757D31103D16D0C532FB15 /* Shop+Schema.swift */ = {isa = PBXFileReference; explicitFileType = sourcecode.swift; name = "Shop+Schema.swift"; path = "amplify/generated/models/Shop+Schema.swift"; sourceTree = "<group>"; };
		54E7404AE3EB3AB05143C2CC /* awsconfiguration.json */ = {isa = PBXFileReference; explicitFileType = text.json; path = awsconfiguration.json; sourceTree = "<group>"; };
		94357E1B1948FF3DB83DDEB9 /* Coupon+Schema.swift */ = {isa = PBXFileReference; explicitFileType = sourcecode.swift; name = "Coupon+Schema.swift"; path = "amplify/generated/models/Coupon+Schema.swift"; sourceTree = "<group>"; };
		A915C7424164321D6D5988CD /* amplifyconfiguration.json */ = {isa = PBXFileReference; explicitFileType = text.json; path = amplifyconfiguration.json; sourceTree = "<group>"; };
		B5DB53AC09E4B0D9692D123E /* User.swift */ = {isa = PBXFileReference; explicitFileType = sourcecode.swift; name = User.swift; path = amplify/generated/models/User.swift; sourceTree = "<group>"; };
		CB73E3E8DC295F45127FE5E8 /* Shop.swift */ = {isa = PBXFileReference; explicitFileType = sourcecode.swift; name = Shop.swift; path = amplify/generated/models/Shop.swift; sourceTree = "<group>"; };
		D243E9D7602057AED6CAABC1 /* Coupon.swift */ = {isa = PBXFileReference; explicitFileType = sourcecode.swift; name = Coupon.swift; path = amplify/generated/models/Coupon.swift; sourceTree = "<group>"; };
		F25196C526A309DF0086E3F7 /* ContentView.swift */ = {isa = PBXFileReference; lastKnownFileType = sourcecode.swift; path = ContentView.swift; sourceTree = "<group>"; };
		F25196C726A30AB00086E3F7 /* SettingView.swift */ = {isa = PBXFileReference; lastKnownFileType = sourcecode.swift; path = SettingView.swift; sourceTree = "<group>"; };
		F25196CA26A30CEE0086E3F7 /* Color+hex.swift */ = {isa = PBXFileReference; lastKnownFileType = sourcecode.swift; path = "Color+hex.swift"; sourceTree = "<group>"; };
		F25196D026A3551D0086E3F7 /* UIScreen+ScreenSize.swift */ = {isa = PBXFileReference; lastKnownFileType = sourcecode.swift; path = "UIScreen+ScreenSize.swift"; sourceTree = "<group>"; };
		F25196D826A362280086E3F7 /* Tamil MN.ttc */ = {isa = PBXFileReference; lastKnownFileType = file; name = "Tamil MN.ttc"; path = "../../../../../../../System/Library/Fonts/Supplemental/Tamil MN.ttc"; sourceTree = "<group>"; };
		F25196DC26A3F32F0086E3F7 /* ShopMapView.swift */ = {isa = PBXFileReference; lastKnownFileType = sourcecode.swift; path = ShopMapView.swift; sourceTree = "<group>"; };
		F25196E026A4154E0086E3F7 /* VersionView.swift */ = {isa = PBXFileReference; lastKnownFileType = sourcecode.swift; path = VersionView.swift; sourceTree = "<group>"; };
		F25EFD4B26917A170025C748 /* miyagi_coupon.app */ = {isa = PBXFileReference; explicitFileType = wrapper.application; includeInIndex = 0; path = miyagi_coupon.app; sourceTree = BUILT_PRODUCTS_DIR; };
		F25EFD4E26917A170025C748 /* miyagi_couponApp.swift */ = {isa = PBXFileReference; lastKnownFileType = sourcecode.swift; path = miyagi_couponApp.swift; sourceTree = "<group>"; };
		F25EFD5226917A220025C748 /* Assets.xcassets */ = {isa = PBXFileReference; lastKnownFileType = folder.assetcatalog; path = Assets.xcassets; sourceTree = "<group>"; };
		F25EFD5526917A220025C748 /* Preview Assets.xcassets */ = {isa = PBXFileReference; lastKnownFileType = folder.assetcatalog; path = "Preview Assets.xcassets"; sourceTree = "<group>"; };
		F25EFD5726917A220025C748 /* Info.plist */ = {isa = PBXFileReference; lastKnownFileType = text.plist.xml; path = Info.plist; sourceTree = "<group>"; };
		F25EFD5C26917A220025C748 /* miyagi_couponTests.xctest */ = {isa = PBXFileReference; explicitFileType = wrapper.cfbundle; includeInIndex = 0; path = miyagi_couponTests.xctest; sourceTree = BUILT_PRODUCTS_DIR; };
		F25EFD6026917A220025C748 /* miyagi_couponTests.swift */ = {isa = PBXFileReference; lastKnownFileType = sourcecode.swift; path = miyagi_couponTests.swift; sourceTree = "<group>"; };
		F25EFD6226917A220025C748 /* Info.plist */ = {isa = PBXFileReference; lastKnownFileType = text.plist.xml; path = Info.plist; sourceTree = "<group>"; };
		F25EFD6726917A220025C748 /* miyagi_couponUITests.xctest */ = {isa = PBXFileReference; explicitFileType = wrapper.cfbundle; includeInIndex = 0; path = miyagi_couponUITests.xctest; sourceTree = BUILT_PRODUCTS_DIR; };
		F25EFD6B26917A220025C748 /* miyagi_couponUITests.swift */ = {isa = PBXFileReference; lastKnownFileType = sourcecode.swift; path = miyagi_couponUITests.swift; sourceTree = "<group>"; };
		F25EFD6D26917A220025C748 /* Info.plist */ = {isa = PBXFileReference; lastKnownFileType = text.plist.xml; path = Info.plist; sourceTree = "<group>"; };
		F25EFD79269192520025C748 /* ShopListItem.swift */ = {isa = PBXFileReference; lastKnownFileType = sourcecode.swift; path = ShopListItem.swift; sourceTree = "<group>"; };
		F261FDC626A1D9F300901051 /* ShopListView.swift */ = {isa = PBXFileReference; lastKnownFileType = sourcecode.swift; path = ShopListView.swift; sourceTree = "<group>"; };
		F261FDC826A1DA9000901051 /* ShopDetailView.swift */ = {isa = PBXFileReference; lastKnownFileType = sourcecode.swift; path = ShopDetailView.swift; sourceTree = "<group>"; };
		F261FDCD26A1DBBC00901051 /* Shop+data.swift */ = {isa = PBXFileReference; lastKnownFileType = sourcecode.swift; path = "Shop+data.swift"; sourceTree = "<group>"; };
		F261FDD026A1DCF400901051 /* ShopListViewModel.swift */ = {isa = PBXFileReference; lastKnownFileType = sourcecode.swift; path = ShopListViewModel.swift; sourceTree = "<group>"; };
		F27C7EBA26B3CBC70072CC7A /* TextFieldAlertView.swift */ = {isa = PBXFileReference; fileEncoding = 4; lastKnownFileType = sourcecode.swift; path = TextFieldAlertView.swift; sourceTree = "<group>"; };
		F27C7EBE26B71C700072CC7A /* MTSlideToOpen.swift */ = {isa = PBXFileReference; lastKnownFileType = sourcecode.swift; path = MTSlideToOpen.swift; sourceTree = "<group>"; };
		F27C7EC026B84F1C0072CC7A /* NotificationManager.swift */ = {isa = PBXFileReference; lastKnownFileType = sourcecode.swift; path = NotificationManager.swift; sourceTree = "<group>"; };
		F27C7EC226B857E70072CC7A /* LocationManager.swift */ = {isa = PBXFileReference; lastKnownFileType = sourcecode.swift; path = LocationManager.swift; sourceTree = "<group>"; };
		F27C7EC426B861120072CC7A /* Appdelegate.swift */ = {isa = PBXFileReference; lastKnownFileType = sourcecode.swift; path = Appdelegate.swift; sourceTree = "<group>"; };
		F28D61F726BE4D5600D27DBB /* SignInViewModel.swift */ = {isa = PBXFileReference; lastKnownFileType = sourcecode.swift; path = SignInViewModel.swift; sourceTree = "<group>"; };
		F28D61F926BE717700D27DBB /* AuthenticationService.swift */ = {isa = PBXFileReference; lastKnownFileType = sourcecode.swift; path = AuthenticationService.swift; sourceTree = "<group>"; };
		F28D61FF26BE834B00D27DBB /* UserSession.swift */ = {isa = PBXFileReference; lastKnownFileType = sourcecode.swift; path = UserSession.swift; sourceTree = "<group>"; };
		F291067F26C0325100D19BA6 /* ShopViewModel.swift */ = {isa = PBXFileReference; lastKnownFileType = sourcecode.swift; path = ShopViewModel.swift; sourceTree = "<group>"; };
		F291068126C0490900D19BA6 /* ShopDetailViewModel.swift */ = {isa = PBXFileReference; lastKnownFileType = sourcecode.swift; path = ShopDetailViewModel.swift; sourceTree = "<group>"; };
		F291068326C8382F00D19BA6 /* SceneDelegate.swift */ = {isa = PBXFileReference; lastKnownFileType = sourcecode.swift; path = SceneDelegate.swift; sourceTree = "<group>"; };
		F291068526C8386000D19BA6 /* Store.swift */ = {isa = PBXFileReference; lastKnownFileType = sourcecode.swift; path = Store.swift; sourceTree = "<group>"; };
		F291068726C8389B00D19BA6 /* AppState.swift */ = {isa = PBXFileReference; lastKnownFileType = sourcecode.swift; path = AppState.swift; sourceTree = "<group>"; };
		F291068926C838E600D19BA6 /* FileStorage.swift */ = {isa = PBXFileReference; lastKnownFileType = sourcecode.swift; path = FileStorage.swift; sourceTree = "<group>"; };
		F291068B26C8390300D19BA6 /* FileHelper.swift */ = {isa = PBXFileReference; lastKnownFileType = sourcecode.swift; path = FileHelper.swift; sourceTree = "<group>"; };
		F291068D26C8397C00D19BA6 /* Helper.swift */ = {isa = PBXFileReference; lastKnownFileType = sourcecode.swift; path = Helper.swift; sourceTree = "<group>"; };
		F291068F26C83A7400D19BA6 /* AppAction.swift */ = {isa = PBXFileReference; lastKnownFileType = sourcecode.swift; path = AppAction.swift; sourceTree = "<group>"; };
		F291069126C83A9B00D19BA6 /* AppError.swift */ = {isa = PBXFileReference; lastKnownFileType = sourcecode.swift; path = AppError.swift; sourceTree = "<group>"; };
		F291069326C83B1500D19BA6 /* AppCommand.swift */ = {isa = PBXFileReference; lastKnownFileType = sourcecode.swift; path = AppCommand.swift; sourceTree = "<group>"; };
		F291069526C85E2900D19BA6 /* CancellableSet.swift */ = {isa = PBXFileReference; lastKnownFileType = sourcecode.swift; path = CancellableSet.swift; sourceTree = "<group>"; };
		F291069726C92D5100D19BA6 /* ShopEditView.swift */ = {isa = PBXFileReference; lastKnownFileType = sourcecode.swift; path = ShopEditView.swift; sourceTree = "<group>"; };
		F29602D026A477D200F1464B /* CouponView.swift */ = {isa = PBXFileReference; lastKnownFileType = sourcecode.swift; path = CouponView.swift; sourceTree = "<group>"; };
		F29602D226A477E100F1464B /* Coupon+data.swift */ = {isa = PBXFileReference; lastKnownFileType = sourcecode.swift; path = "Coupon+data.swift"; sourceTree = "<group>"; };
		F29602D926A59B9E00F1464B /* README.md */ = {isa = PBXFileReference; lastKnownFileType = net.daringfireball.markdown; path = README.md; sourceTree = "<group>"; };
/* End PBXFileReference section */

/* Begin PBXFrameworksBuildPhase section */
		F25EFD4826917A170025C748 /* Frameworks */ = {
			isa = PBXFrameworksBuildPhase;
			buildActionMask = 2147483647;
			files = (
				F291067E26C0089C00D19BA6 /* Kingfisher in Frameworks */,
				F27C7ED726BBDAC60072CC7A /* AWSAPIPlugin in Frameworks */,
				F27C7ED126BBDAC60072CC7A /* Amplify in Frameworks */,
				F27C7ED326BBDAC60072CC7A /* AWSCognitoAuthPlugin in Frameworks */,
				F27C7ED926BBDAC60072CC7A /* AWSDataStorePlugin in Frameworks */,
				F27C7ED526BBDAC60072CC7A /* AWSS3StoragePlugin in Frameworks */,
			);
			runOnlyForDeploymentPostprocessing = 0;
		};
		F25EFD5926917A220025C748 /* Frameworks */ = {
			isa = PBXFrameworksBuildPhase;
			buildActionMask = 2147483647;
			files = (
			);
			runOnlyForDeploymentPostprocessing = 0;
		};
		F25EFD6426917A220025C748 /* Frameworks */ = {
			isa = PBXFrameworksBuildPhase;
			buildActionMask = 2147483647;
			files = (
			);
			runOnlyForDeploymentPostprocessing = 0;
		};
/* End PBXFrameworksBuildPhase section */

/* Begin PBXGroup section */
		18FCC798CC7C8BA61E606CF8 /* AmplifyConfig */ = {
			isa = PBXGroup;
			children = (
				54E7404AE3EB3AB05143C2CC /* awsconfiguration.json */,
				A915C7424164321D6D5988CD /* amplifyconfiguration.json */,
			);
			name = AmplifyConfig;
			sourceTree = "<group>";
		};
		4C88EA5FF2D6E919604373B9 /* AmplifyModels */ = {
			isa = PBXGroup;
			children = (
				2D3B935D45FBC5F0DC2B49B0 /* AmplifyModels.swift */,
				94357E1B1948FF3DB83DDEB9 /* Coupon+Schema.swift */,
				D243E9D7602057AED6CAABC1 /* Coupon.swift */,
				4B757D31103D16D0C532FB15 /* Shop+Schema.swift */,
				CB73E3E8DC295F45127FE5E8 /* Shop.swift */,
				23A358A96C48BFC4546074F2 /* User+Schema.swift */,
				B5DB53AC09E4B0D9692D123E /* User.swift */,
			);
			name = AmplifyModels;
			sourceTree = "<group>";
		};
		F25196C926A30CC50086E3F7 /* Utils */ = {
			isa = PBXGroup;
			children = (
				F25196CA26A30CEE0086E3F7 /* Color+hex.swift */,
				F25196D026A3551D0086E3F7 /* UIScreen+ScreenSize.swift */,
				F27C7EC026B84F1C0072CC7A /* NotificationManager.swift */,
				F27C7EC226B857E70072CC7A /* LocationManager.swift */,
				F28D61F926BE717700D27DBB /* AuthenticationService.swift */,
				F28D61FF26BE834B00D27DBB /* UserSession.swift */,
				F291068526C8386000D19BA6 /* Store.swift */,
				F291069326C83B1500D19BA6 /* AppCommand.swift */,
				F291069526C85E2900D19BA6 /* CancellableSet.swift */,
				F291068F26C83A7400D19BA6 /* AppAction.swift */,
				F291069126C83A9B00D19BA6 /* AppError.swift */,
				F291068726C8389B00D19BA6 /* AppState.swift */,
				F291068926C838E600D19BA6 /* FileStorage.swift */,
				F291068B26C8390300D19BA6 /* FileHelper.swift */,
				F291068D26C8397C00D19BA6 /* Helper.swift */,
			);
			path = Utils;
			sourceTree = "<group>";
		};
		F25196D326A35F340086E3F7 /* Fonts */ = {
			isa = PBXGroup;
			children = (
				F25196D826A362280086E3F7 /* Tamil MN.ttc */,
			);
			path = Fonts;
			sourceTree = "<group>";
		};
		F25EFD4226917A170025C748 = {
			isa = PBXGroup;
			children = (
				F29602D926A59B9E00F1464B /* README.md */,
				F25EFD4D26917A170025C748 /* miyagi_coupon */,
				F25EFD5F26917A220025C748 /* miyagi_couponTests */,
				F25EFD6A26917A220025C748 /* miyagi_couponUITests */,
				F25EFD4C26917A170025C748 /* Products */,
				18FCC798CC7C8BA61E606CF8 /* AmplifyConfig */,
				4C88EA5FF2D6E919604373B9 /* AmplifyModels */,
			);
			sourceTree = "<group>";
		};
		F25EFD4C26917A170025C748 /* Products */ = {
			isa = PBXGroup;
			children = (
				F25EFD4B26917A170025C748 /* miyagi_coupon.app */,
				F25EFD5C26917A220025C748 /* miyagi_couponTests.xctest */,
				F25EFD6726917A220025C748 /* miyagi_couponUITests.xctest */,
			);
			name = Products;
			sourceTree = "<group>";
		};
		F25EFD4D26917A170025C748 /* miyagi_coupon */ = {
			isa = PBXGroup;
			children = (
				F25196C926A30CC50086E3F7 /* Utils */,
				F261FDCF26A1DCD700901051 /* ViewModels */,
				F261FDCC26A1DBA400901051 /* Models */,
				F261FDC526A1D90100901051 /* Views */,
				F25EFD4E26917A170025C748 /* miyagi_couponApp.swift */,
				F27C7EC426B861120072CC7A /* Appdelegate.swift */,
				F291068326C8382F00D19BA6 /* SceneDelegate.swift */,
				F25196D326A35F340086E3F7 /* Fonts */,
				F25EFD5226917A220025C748 /* Assets.xcassets */,
				F25EFD5726917A220025C748 /* Info.plist */,
				F25EFD5426917A220025C748 /* Preview Content */,
			);
			path = miyagi_coupon;
			sourceTree = "<group>";
		};
		F25EFD5426917A220025C748 /* Preview Content */ = {
			isa = PBXGroup;
			children = (
				F25EFD5526917A220025C748 /* Preview Assets.xcassets */,
			);
			path = "Preview Content";
			sourceTree = "<group>";
		};
		F25EFD5F26917A220025C748 /* miyagi_couponTests */ = {
			isa = PBXGroup;
			children = (
				F25EFD6026917A220025C748 /* miyagi_couponTests.swift */,
				F25EFD6226917A220025C748 /* Info.plist */,
			);
			path = miyagi_couponTests;
			sourceTree = "<group>";
		};
		F25EFD6A26917A220025C748 /* miyagi_couponUITests */ = {
			isa = PBXGroup;
			children = (
				F25EFD6B26917A220025C748 /* miyagi_couponUITests.swift */,
				F25EFD6D26917A220025C748 /* Info.plist */,
			);
			path = miyagi_couponUITests;
			sourceTree = "<group>";
		};
		F261FDC526A1D90100901051 /* Views */ = {
			isa = PBXGroup;
			children = (
				F27C7EBA26B3CBC70072CC7A /* TextFieldAlertView.swift */,
				F25EFD79269192520025C748 /* ShopListItem.swift */,
				F261FDC626A1D9F300901051 /* ShopListView.swift */,
				F261FDC826A1DA9000901051 /* ShopDetailView.swift */,
				F291069726C92D5100D19BA6 /* ShopEditView.swift */,
				F25196C526A309DF0086E3F7 /* ContentView.swift */,
				F25196C726A30AB00086E3F7 /* SettingView.swift */,
				F25196DC26A3F32F0086E3F7 /* ShopMapView.swift */,
				F25196E026A4154E0086E3F7 /* VersionView.swift */,
				F29602D026A477D200F1464B /* CouponView.swift */,
				F27C7EBE26B71C700072CC7A /* MTSlideToOpen.swift */,
			);
			path = Views;
			sourceTree = "<group>";
		};
		F261FDCC26A1DBA400901051 /* Models */ = {
			isa = PBXGroup;
			children = (
				F261FDCD26A1DBBC00901051 /* Shop+data.swift */,
				F29602D226A477E100F1464B /* Coupon+data.swift */,
			);
			path = Models;
			sourceTree = "<group>";
		};
		F261FDCF26A1DCD700901051 /* ViewModels */ = {
			isa = PBXGroup;
			children = (
				F291067F26C0325100D19BA6 /* ShopViewModel.swift */,
				F261FDD026A1DCF400901051 /* ShopListViewModel.swift */,
				F28D61F726BE4D5600D27DBB /* SignInViewModel.swift */,
				F291068126C0490900D19BA6 /* ShopDetailViewModel.swift */,
			);
			path = ViewModels;
			sourceTree = "<group>";
		};
/* End PBXGroup section */

/* Begin PBXNativeTarget section */
		F25EFD4A26917A170025C748 /* miyagi_coupon */ = {
			isa = PBXNativeTarget;
			buildConfigurationList = F25EFD7026917A220025C748 /* Build configuration list for PBXNativeTarget "miyagi_coupon" */;
			buildPhases = (
				F25EFD4726917A170025C748 /* Sources */,
				F25EFD4826917A170025C748 /* Frameworks */,
				F25EFD4926917A170025C748 /* Resources */,
			);
			buildRules = (
			);
			dependencies = (
			);
			name = miyagi_coupon;
			packageProductDependencies = (
				F27C7ED026BBDAC60072CC7A /* Amplify */,
				F27C7ED226BBDAC60072CC7A /* AWSCognitoAuthPlugin */,
				F27C7ED426BBDAC60072CC7A /* AWSS3StoragePlugin */,
				F27C7ED626BBDAC60072CC7A /* AWSAPIPlugin */,
				F27C7ED826BBDAC60072CC7A /* AWSDataStorePlugin */,
				F291067D26C0089C00D19BA6 /* Kingfisher */,
			);
			productName = miyagi_coupon;
			productReference = F25EFD4B26917A170025C748 /* miyagi_coupon.app */;
			productType = "com.apple.product-type.application";
		};
		F25EFD5B26917A220025C748 /* miyagi_couponTests */ = {
			isa = PBXNativeTarget;
			buildConfigurationList = F25EFD7326917A220025C748 /* Build configuration list for PBXNativeTarget "miyagi_couponTests" */;
			buildPhases = (
				F25EFD5826917A220025C748 /* Sources */,
				F25EFD5926917A220025C748 /* Frameworks */,
				F25EFD5A26917A220025C748 /* Resources */,
			);
			buildRules = (
			);
			dependencies = (
				F25EFD5E26917A220025C748 /* PBXTargetDependency */,
			);
			name = miyagi_couponTests;
			productName = miyagi_couponTests;
			productReference = F25EFD5C26917A220025C748 /* miyagi_couponTests.xctest */;
			productType = "com.apple.product-type.bundle.unit-test";
		};
		F25EFD6626917A220025C748 /* miyagi_couponUITests */ = {
			isa = PBXNativeTarget;
			buildConfigurationList = F25EFD7626917A220025C748 /* Build configuration list for PBXNativeTarget "miyagi_couponUITests" */;
			buildPhases = (
				F25EFD6326917A220025C748 /* Sources */,
				F25EFD6426917A220025C748 /* Frameworks */,
				F25EFD6526917A220025C748 /* Resources */,
			);
			buildRules = (
			);
			dependencies = (
				F25EFD6926917A220025C748 /* PBXTargetDependency */,
			);
			name = miyagi_couponUITests;
			productName = miyagi_couponUITests;
			productReference = F25EFD6726917A220025C748 /* miyagi_couponUITests.xctest */;
			productType = "com.apple.product-type.bundle.ui-testing";
		};
/* End PBXNativeTarget section */

/* Begin PBXProject section */
		F25EFD4326917A170025C748 /* Project object */ = {
			isa = PBXProject;
			attributes = {
				LastSwiftUpdateCheck = 1250;
				LastUpgradeCheck = 1250;
				TargetAttributes = {
					F25EFD4A26917A170025C748 = {
						CreatedOnToolsVersion = 12.5;
					};
					F25EFD5B26917A220025C748 = {
						CreatedOnToolsVersion = 12.5;
						TestTargetID = F25EFD4A26917A170025C748;
					};
					F25EFD6626917A220025C748 = {
						CreatedOnToolsVersion = 12.5;
						TestTargetID = F25EFD4A26917A170025C748;
					};
				};
			};
			buildConfigurationList = F25EFD4626917A170025C748 /* Build configuration list for PBXProject "miyagi_coupon" */;
			compatibilityVersion = "Xcode 9.3";
			developmentRegion = en;
			hasScannedForEncodings = 0;
			knownRegions = (
				en,
				Base,
				ja,
			);
			mainGroup = F25EFD4226917A170025C748;
			packageReferences = (
				F27C7ECF26BBDAC60072CC7A /* XCRemoteSwiftPackageReference "amplify-ios" */,
				F291067C26C0089C00D19BA6 /* XCRemoteSwiftPackageReference "Kingfisher" */,
			);
			productRefGroup = F25EFD4C26917A170025C748 /* Products */;
			projectDirPath = "";
			projectRoot = "";
			targets = (
				F25EFD4A26917A170025C748 /* miyagi_coupon */,
				F25EFD5B26917A220025C748 /* miyagi_couponTests */,
				F25EFD6626917A220025C748 /* miyagi_couponUITests */,
			);
		};
/* End PBXProject section */

/* Begin PBXResourcesBuildPhase section */
		F25EFD4926917A170025C748 /* Resources */ = {
			isa = PBXResourcesBuildPhase;
			buildActionMask = 2147483647;
			files = (
				F25EFD5626917A220025C748 /* Preview Assets.xcassets in Resources */,
				F25196D926A362280086E3F7 /* Tamil MN.ttc in Resources */,
				F25EFD5326917A220025C748 /* Assets.xcassets in Resources */,
				79139B5BBAB01DE4CD9813B4 /* awsconfiguration.json in Resources */,
				465604221F1F932682B34068 /* amplifyconfiguration.json in Resources */,
				4C978BC44F17538BF135BC00 /* awsconfiguration.json in Resources */,
				560F3FF970C11D41E683ABEB /* amplifyconfiguration.json in Resources */,
				C5EB90AB2EDED021C8A0429C /* awsconfiguration.json in Resources */,
				C47D33206B9714BA8385068F /* amplifyconfiguration.json in Resources */,
				CB4BD6EDB909B9703796D38C /* awsconfiguration.json in Resources */,
				F9D8DD3C0686D2C10EFD5E97 /* amplifyconfiguration.json in Resources */,
			);
			runOnlyForDeploymentPostprocessing = 0;
		};
		F25EFD5A26917A220025C748 /* Resources */ = {
			isa = PBXResourcesBuildPhase;
			buildActionMask = 2147483647;
			files = (
				F25196DA26A362290086E3F7 /* Tamil MN.ttc in Resources */,
				EDAC9D5FF47DBEEF251551CC /* awsconfiguration.json in Resources */,
				9A18572F4FEC7D011F59BE81 /* amplifyconfiguration.json in Resources */,
				CF14BB88F67580446DD02EBE /* awsconfiguration.json in Resources */,
				1B130EDFEC7171232F5D0997 /* amplifyconfiguration.json in Resources */,
				E6B441AB5D05FA4C9BE340AC /* awsconfiguration.json in Resources */,
				87ABF2011F567EC839A9117B /* amplifyconfiguration.json in Resources */,
				377E21EA3092D582E9FD6CB0 /* awsconfiguration.json in Resources */,
				97AEBE380ED3590A1E943EC3 /* amplifyconfiguration.json in Resources */,
			);
			runOnlyForDeploymentPostprocessing = 0;
		};
		F25EFD6526917A220025C748 /* Resources */ = {
			isa = PBXResourcesBuildPhase;
			buildActionMask = 2147483647;
			files = (
				F25196DB26A362290086E3F7 /* Tamil MN.ttc in Resources */,
				63EED85615208C0BBCA192C4 /* awsconfiguration.json in Resources */,
				34E3A3634C106974C20769C3 /* amplifyconfiguration.json in Resources */,
			);
			runOnlyForDeploymentPostprocessing = 0;
		};
/* End PBXResourcesBuildPhase section */

/* Begin PBXSourcesBuildPhase section */
		F25EFD4726917A170025C748 /* Sources */ = {
			isa = PBXSourcesBuildPhase;
			buildActionMask = 2147483647;
			files = (
				F28D620026BE834B00D27DBB /* UserSession.swift in Sources */,
				F261FDC926A1DA9000901051 /* ShopDetailView.swift in Sources */,
				F27C7EC126B84F1C0072CC7A /* NotificationManager.swift in Sources */,
				F25196E126A4154E0086E3F7 /* VersionView.swift in Sources */,
				F29602D126A477D200F1464B /* CouponView.swift in Sources */,
				F291068A26C838E600D19BA6 /* FileStorage.swift in Sources */,
				F28D61F826BE4D5600D27DBB /* SignInViewModel.swift in Sources */,
				F291068826C8389B00D19BA6 /* AppState.swift in Sources */,
				F25196C626A309DF0086E3F7 /* ContentView.swift in Sources */,
				F28D61FA26BE717700D27DBB /* AuthenticationService.swift in Sources */,
				F291068426C8382F00D19BA6 /* SceneDelegate.swift in Sources */,
				F291068E26C8397C00D19BA6 /* Helper.swift in Sources */,
				F291068026C0325100D19BA6 /* ShopViewModel.swift in Sources */,
				F25196CB26A30CEE0086E3F7 /* Color+hex.swift in Sources */,
				F25196C826A30AB00086E3F7 /* SettingView.swift in Sources */,
				F27C7EBF26B71C700072CC7A /* MTSlideToOpen.swift in Sources */,
				F27C7EC326B857E70072CC7A /* LocationManager.swift in Sources */,
				F291069626C85E2900D19BA6 /* CancellableSet.swift in Sources */,
				F25EFD7A269192520025C748 /* ShopListItem.swift in Sources */,
				F261FDD126A1DCF400901051 /* ShopListViewModel.swift in Sources */,
				F25196DD26A3F32F0086E3F7 /* ShopMapView.swift in Sources */,
				F27C7EBB26B3CBC70072CC7A /* TextFieldAlertView.swift in Sources */,
				F291068226C0490900D19BA6 /* ShopDetailViewModel.swift in Sources */,
				F291069026C83A7400D19BA6 /* AppAction.swift in Sources */,
				F261FDCE26A1DBBC00901051 /* Shop+data.swift in Sources */,
				F25196D126A3551D0086E3F7 /* UIScreen+ScreenSize.swift in Sources */,
				F27C7EC526B861120072CC7A /* Appdelegate.swift in Sources */,
				F261FDC726A1D9F300901051 /* ShopListView.swift in Sources */,
				F25EFD4F26917A170025C748 /* miyagi_couponApp.swift in Sources */,
				F29602D326A477E100F1464B /* Coupon+data.swift in Sources */,
				F7DFACD626745E219BC6482D /* AmplifyModels.swift in Sources */,
				1C5E54461E1E4976531B0B3D /* Coupon+Schema.swift in Sources */,
				F291069826C92D5100D19BA6 /* ShopEditView.swift in Sources */,
				949D36C0CCEC37C109611343 /* Coupon.swift in Sources */,
				6F75BE5AD5FF5F3B77940331 /* Shop+Schema.swift in Sources */,
				57A709CB3297191DCF328F80 /* Shop.swift in Sources */,
				879B30AE522AB275C2592BB2 /* User+Schema.swift in Sources */,
				0A6FEFEF0C2B90F1F938C924 /* User.swift in Sources */,
				F291069226C83A9B00D19BA6 /* AppError.swift in Sources */,
				3A893B63A171707E3CA30F53 /* AmplifyModels.swift in Sources */,
				10FD281BEDAA324481B9D84D /* Coupon+Schema.swift in Sources */,
				6F9A13C1FD36E890CAB39C01 /* Coupon.swift in Sources */,
				F291069426C83B1500D19BA6 /* AppCommand.swift in Sources */,
				F291068626C8386000D19BA6 /* Store.swift in Sources */,
				EC946E1DF49F1994FD7C2A59 /* Shop+Schema.swift in Sources */,
				F291068C26C8390300D19BA6 /* FileHelper.swift in Sources */,
				028C4D06A413FBFCA577DF84 /* Shop.swift in Sources */,
				260DAA48E83A0BA6E287E696 /* User+Schema.swift in Sources */,
				0420CD26DAB5BED4E8E6D0C7 /* User.swift in Sources */,
			);
			runOnlyForDeploymentPostprocessing = 0;
		};
		F25EFD5826917A220025C748 /* Sources */ = {
			isa = PBXSourcesBuildPhase;
			buildActionMask = 2147483647;
			files = (
				F25EFD6126917A220025C748 /* miyagi_couponTests.swift in Sources */,
				F25196E226A4154E0086E3F7 /* VersionView.swift in Sources */,
				F25196DE26A3F32F0086E3F7 /* ShopMapView.swift in Sources */,
				3050C46C70A3246DB4289534 /* AmplifyModels.swift in Sources */,
				E395671E4F705FE5A46D95E7 /* Coupon+Schema.swift in Sources */,
				A64CFFD096DECA32D850C532 /* Coupon.swift in Sources */,
				9837A183A0A060107043D42A /* Shop+Schema.swift in Sources */,
				A479461A518CDB0179DC1FE2 /* Shop.swift in Sources */,
				9575366CD3892D2349F74477 /* User+Schema.swift in Sources */,
				A38E8CD7A5971DDD9DC79038 /* User.swift in Sources */,
			);
			runOnlyForDeploymentPostprocessing = 0;
		};
		F25EFD6326917A220025C748 /* Sources */ = {
			isa = PBXSourcesBuildPhase;
			buildActionMask = 2147483647;
			files = (
				F25EFD6C26917A220025C748 /* miyagi_couponUITests.swift in Sources */,
				F25196E326A4154E0086E3F7 /* VersionView.swift in Sources */,
				F25196DF26A3F32F0086E3F7 /* ShopMapView.swift in Sources */,
				F8C19B2A7200DEB015AD0316 /* AmplifyModels.swift in Sources */,
				89F0DA847A24DE798690A2D0 /* Coupon+Schema.swift in Sources */,
				FB21075144764D6A74B9F689 /* Coupon.swift in Sources */,
				575C167F95002D52CB75F479 /* Shop+Schema.swift in Sources */,
				6FF5638C14263F4ADF6A75AF /* Shop.swift in Sources */,
				C2B15C8C850060237E4EE460 /* User+Schema.swift in Sources */,
				EDF2BB3383CD24CDF27E0061 /* User.swift in Sources */,
			);
			runOnlyForDeploymentPostprocessing = 0;
		};
/* End PBXSourcesBuildPhase section */

/* Begin PBXTargetDependency section */
		F25EFD5E26917A220025C748 /* PBXTargetDependency */ = {
			isa = PBXTargetDependency;
			target = F25EFD4A26917A170025C748 /* miyagi_coupon */;
			targetProxy = F25EFD5D26917A220025C748 /* PBXContainerItemProxy */;
		};
		F25EFD6926917A220025C748 /* PBXTargetDependency */ = {
			isa = PBXTargetDependency;
			target = F25EFD4A26917A170025C748 /* miyagi_coupon */;
			targetProxy = F25EFD6826917A220025C748 /* PBXContainerItemProxy */;
		};
/* End PBXTargetDependency section */

/* Begin XCBuildConfiguration section */
		F25EFD6E26917A220025C748 /* Debug */ = {
			isa = XCBuildConfiguration;
			buildSettings = {
				ALWAYS_SEARCH_USER_PATHS = NO;
				CLANG_ANALYZER_NONNULL = YES;
				CLANG_ANALYZER_NUMBER_OBJECT_CONVERSION = YES_AGGRESSIVE;
				CLANG_CXX_LANGUAGE_STANDARD = "gnu++14";
				CLANG_CXX_LIBRARY = "libc++";
				CLANG_ENABLE_MODULES = YES;
				CLANG_ENABLE_OBJC_ARC = YES;
				CLANG_ENABLE_OBJC_WEAK = YES;
				CLANG_WARN_BLOCK_CAPTURE_AUTORELEASING = YES;
				CLANG_WARN_BOOL_CONVERSION = YES;
				CLANG_WARN_COMMA = YES;
				CLANG_WARN_CONSTANT_CONVERSION = YES;
				CLANG_WARN_DEPRECATED_OBJC_IMPLEMENTATIONS = YES;
				CLANG_WARN_DIRECT_OBJC_ISA_USAGE = YES_ERROR;
				CLANG_WARN_DOCUMENTATION_COMMENTS = YES;
				CLANG_WARN_EMPTY_BODY = YES;
				CLANG_WARN_ENUM_CONVERSION = YES;
				CLANG_WARN_INFINITE_RECURSION = YES;
				CLANG_WARN_INT_CONVERSION = YES;
				CLANG_WARN_NON_LITERAL_NULL_CONVERSION = YES;
				CLANG_WARN_OBJC_IMPLICIT_RETAIN_SELF = YES;
				CLANG_WARN_OBJC_LITERAL_CONVERSION = YES;
				CLANG_WARN_OBJC_ROOT_CLASS = YES_ERROR;
				CLANG_WARN_QUOTED_INCLUDE_IN_FRAMEWORK_HEADER = YES;
				CLANG_WARN_RANGE_LOOP_ANALYSIS = YES;
				CLANG_WARN_STRICT_PROTOTYPES = YES;
				CLANG_WARN_SUSPICIOUS_MOVE = YES;
				CLANG_WARN_UNGUARDED_AVAILABILITY = YES_AGGRESSIVE;
				CLANG_WARN_UNREACHABLE_CODE = YES;
				CLANG_WARN__DUPLICATE_METHOD_MATCH = YES;
				COPY_PHASE_STRIP = NO;
				DEBUG_INFORMATION_FORMAT = dwarf;
				ENABLE_STRICT_OBJC_MSGSEND = YES;
				ENABLE_TESTABILITY = YES;
				GCC_C_LANGUAGE_STANDARD = gnu11;
				GCC_DYNAMIC_NO_PIC = NO;
				GCC_NO_COMMON_BLOCKS = YES;
				GCC_OPTIMIZATION_LEVEL = 0;
				GCC_PREPROCESSOR_DEFINITIONS = (
					"DEBUG=1",
					"$(inherited)",
				);
				GCC_WARN_64_TO_32_BIT_CONVERSION = YES;
				GCC_WARN_ABOUT_RETURN_TYPE = YES_ERROR;
				GCC_WARN_UNDECLARED_SELECTOR = YES;
				GCC_WARN_UNINITIALIZED_AUTOS = YES_AGGRESSIVE;
				GCC_WARN_UNUSED_FUNCTION = YES;
				GCC_WARN_UNUSED_VARIABLE = YES;
				IPHONEOS_DEPLOYMENT_TARGET = 14.5;
				MTL_ENABLE_DEBUG_INFO = INCLUDE_SOURCE;
				MTL_FAST_MATH = YES;
				ONLY_ACTIVE_ARCH = YES;
				SDKROOT = iphoneos;
				SWIFT_ACTIVE_COMPILATION_CONDITIONS = DEBUG;
				SWIFT_OPTIMIZATION_LEVEL = "-Onone";
			};
			name = Debug;
		};
		F25EFD6F26917A220025C748 /* Release */ = {
			isa = XCBuildConfiguration;
			buildSettings = {
				ALWAYS_SEARCH_USER_PATHS = NO;
				CLANG_ANALYZER_NONNULL = YES;
				CLANG_ANALYZER_NUMBER_OBJECT_CONVERSION = YES_AGGRESSIVE;
				CLANG_CXX_LANGUAGE_STANDARD = "gnu++14";
				CLANG_CXX_LIBRARY = "libc++";
				CLANG_ENABLE_MODULES = YES;
				CLANG_ENABLE_OBJC_ARC = YES;
				CLANG_ENABLE_OBJC_WEAK = YES;
				CLANG_WARN_BLOCK_CAPTURE_AUTORELEASING = YES;
				CLANG_WARN_BOOL_CONVERSION = YES;
				CLANG_WARN_COMMA = YES;
				CLANG_WARN_CONSTANT_CONVERSION = YES;
				CLANG_WARN_DEPRECATED_OBJC_IMPLEMENTATIONS = YES;
				CLANG_WARN_DIRECT_OBJC_ISA_USAGE = YES_ERROR;
				CLANG_WARN_DOCUMENTATION_COMMENTS = YES;
				CLANG_WARN_EMPTY_BODY = YES;
				CLANG_WARN_ENUM_CONVERSION = YES;
				CLANG_WARN_INFINITE_RECURSION = YES;
				CLANG_WARN_INT_CONVERSION = YES;
				CLANG_WARN_NON_LITERAL_NULL_CONVERSION = YES;
				CLANG_WARN_OBJC_IMPLICIT_RETAIN_SELF = YES;
				CLANG_WARN_OBJC_LITERAL_CONVERSION = YES;
				CLANG_WARN_OBJC_ROOT_CLASS = YES_ERROR;
				CLANG_WARN_QUOTED_INCLUDE_IN_FRAMEWORK_HEADER = YES;
				CLANG_WARN_RANGE_LOOP_ANALYSIS = YES;
				CLANG_WARN_STRICT_PROTOTYPES = YES;
				CLANG_WARN_SUSPICIOUS_MOVE = YES;
				CLANG_WARN_UNGUARDED_AVAILABILITY = YES_AGGRESSIVE;
				CLANG_WARN_UNREACHABLE_CODE = YES;
				CLANG_WARN__DUPLICATE_METHOD_MATCH = YES;
				COPY_PHASE_STRIP = NO;
				DEBUG_INFORMATION_FORMAT = "dwarf-with-dsym";
				ENABLE_NS_ASSERTIONS = NO;
				ENABLE_STRICT_OBJC_MSGSEND = YES;
				GCC_C_LANGUAGE_STANDARD = gnu11;
				GCC_NO_COMMON_BLOCKS = YES;
				GCC_WARN_64_TO_32_BIT_CONVERSION = YES;
				GCC_WARN_ABOUT_RETURN_TYPE = YES_ERROR;
				GCC_WARN_UNDECLARED_SELECTOR = YES;
				GCC_WARN_UNINITIALIZED_AUTOS = YES_AGGRESSIVE;
				GCC_WARN_UNUSED_FUNCTION = YES;
				GCC_WARN_UNUSED_VARIABLE = YES;
				IPHONEOS_DEPLOYMENT_TARGET = 14.5;
				MTL_ENABLE_DEBUG_INFO = NO;
				MTL_FAST_MATH = YES;
				SDKROOT = iphoneos;
				SWIFT_COMPILATION_MODE = wholemodule;
				SWIFT_OPTIMIZATION_LEVEL = "-O";
				VALIDATE_PRODUCT = YES;
			};
			name = Release;
		};
		F25EFD7126917A220025C748 /* Debug */ = {
			isa = XCBuildConfiguration;
			buildSettings = {
				ASSETCATALOG_COMPILER_APPICON_NAME = AppIcon;
				ASSETCATALOG_COMPILER_GLOBAL_ACCENT_COLOR_NAME = AccentColor;
				CODE_SIGN_STYLE = Automatic;
				DEVELOPMENT_ASSET_PATHS = "\"miyagi_coupon/Preview Content\"";
				ENABLE_PREVIEWS = YES;
				INFOPLIST_FILE = miyagi_coupon/Info.plist;
				IPHONEOS_DEPLOYMENT_TARGET = 14.0;
				LD_RUNPATH_SEARCH_PATHS = (
					"$(inherited)",
					"@executable_path/Frameworks",
				);
				PRODUCT_BUNDLE_IDENTIFIER = "edenn0.miyagi-coupon";
				PRODUCT_NAME = "$(TARGET_NAME)";
				SWIFT_VERSION = 5.0;
				TARGETED_DEVICE_FAMILY = "1,2";
			};
			name = Debug;
		};
		F25EFD7226917A220025C748 /* Release */ = {
			isa = XCBuildConfiguration;
			buildSettings = {
				ASSETCATALOG_COMPILER_APPICON_NAME = AppIcon;
				ASSETCATALOG_COMPILER_GLOBAL_ACCENT_COLOR_NAME = AccentColor;
				CODE_SIGN_STYLE = Automatic;
				DEVELOPMENT_ASSET_PATHS = "\"miyagi_coupon/Preview Content\"";
				ENABLE_PREVIEWS = YES;
				INFOPLIST_FILE = miyagi_coupon/Info.plist;
				IPHONEOS_DEPLOYMENT_TARGET = 14.0;
				LD_RUNPATH_SEARCH_PATHS = (
					"$(inherited)",
					"@executable_path/Frameworks",
				);
				PRODUCT_BUNDLE_IDENTIFIER = "edenn0.miyagi-coupon";
				PRODUCT_NAME = "$(TARGET_NAME)";
				SWIFT_VERSION = 5.0;
				TARGETED_DEVICE_FAMILY = "1,2";
			};
			name = Release;
		};
		F25EFD7426917A220025C748 /* Debug */ = {
			isa = XCBuildConfiguration;
			buildSettings = {
				ALWAYS_EMBED_SWIFT_STANDARD_LIBRARIES = YES;
				BUNDLE_LOADER = "$(TEST_HOST)";
				CODE_SIGN_STYLE = Automatic;
				INFOPLIST_FILE = miyagi_couponTests/Info.plist;
				IPHONEOS_DEPLOYMENT_TARGET = 14.0;
				LD_RUNPATH_SEARCH_PATHS = (
					"$(inherited)",
					"@executable_path/Frameworks",
					"@loader_path/Frameworks",
				);
				PRODUCT_BUNDLE_IDENTIFIER = "edenn0.miyagi-couponTests";
				PRODUCT_NAME = "$(TARGET_NAME)";
				SWIFT_VERSION = 5.0;
				TARGETED_DEVICE_FAMILY = "1,2";
				TEST_HOST = "$(BUILT_PRODUCTS_DIR)/miyagi_coupon.app/miyagi_coupon";
			};
			name = Debug;
		};
		F25EFD7526917A220025C748 /* Release */ = {
			isa = XCBuildConfiguration;
			buildSettings = {
				ALWAYS_EMBED_SWIFT_STANDARD_LIBRARIES = YES;
				BUNDLE_LOADER = "$(TEST_HOST)";
				CODE_SIGN_STYLE = Automatic;
				INFOPLIST_FILE = miyagi_couponTests/Info.plist;
				IPHONEOS_DEPLOYMENT_TARGET = 14.0;
				LD_RUNPATH_SEARCH_PATHS = (
					"$(inherited)",
					"@executable_path/Frameworks",
					"@loader_path/Frameworks",
				);
				PRODUCT_BUNDLE_IDENTIFIER = "edenn0.miyagi-couponTests";
				PRODUCT_NAME = "$(TARGET_NAME)";
				SWIFT_VERSION = 5.0;
				TARGETED_DEVICE_FAMILY = "1,2";
				TEST_HOST = "$(BUILT_PRODUCTS_DIR)/miyagi_coupon.app/miyagi_coupon";
			};
			name = Release;
		};
		F25EFD7726917A220025C748 /* Debug */ = {
			isa = XCBuildConfiguration;
			buildSettings = {
				ALWAYS_EMBED_SWIFT_STANDARD_LIBRARIES = YES;
				CODE_SIGN_STYLE = Automatic;
				INFOPLIST_FILE = miyagi_couponUITests/Info.plist;
				LD_RUNPATH_SEARCH_PATHS = (
					"$(inherited)",
					"@executable_path/Frameworks",
					"@loader_path/Frameworks",
				);
				PRODUCT_BUNDLE_IDENTIFIER = "edenn0.miyagi-couponUITests";
				PRODUCT_NAME = "$(TARGET_NAME)";
				SWIFT_VERSION = 5.0;
				TARGETED_DEVICE_FAMILY = "1,2";
				TEST_TARGET_NAME = miyagi_coupon;
			};
			name = Debug;
		};
		F25EFD7826917A220025C748 /* Release */ = {
			isa = XCBuildConfiguration;
			buildSettings = {
				ALWAYS_EMBED_SWIFT_STANDARD_LIBRARIES = YES;
				CODE_SIGN_STYLE = Automatic;
				INFOPLIST_FILE = miyagi_couponUITests/Info.plist;
				LD_RUNPATH_SEARCH_PATHS = (
					"$(inherited)",
					"@executable_path/Frameworks",
					"@loader_path/Frameworks",
				);
				PRODUCT_BUNDLE_IDENTIFIER = "edenn0.miyagi-couponUITests";
				PRODUCT_NAME = "$(TARGET_NAME)";
				SWIFT_VERSION = 5.0;
				TARGETED_DEVICE_FAMILY = "1,2";
				TEST_TARGET_NAME = miyagi_coupon;
			};
			name = Release;
		};
/* End XCBuildConfiguration section */

/* Begin XCConfigurationList section */
		F25EFD4626917A170025C748 /* Build configuration list for PBXProject "miyagi_coupon" */ = {
			isa = XCConfigurationList;
			buildConfigurations = (
				F25EFD6E26917A220025C748 /* Debug */,
				F25EFD6F26917A220025C748 /* Release */,
			);
			defaultConfigurationIsVisible = 0;
			defaultConfigurationName = Release;
		};
		F25EFD7026917A220025C748 /* Build configuration list for PBXNativeTarget "miyagi_coupon" */ = {
			isa = XCConfigurationList;
			buildConfigurations = (
				F25EFD7126917A220025C748 /* Debug */,
				F25EFD7226917A220025C748 /* Release */,
			);
			defaultConfigurationIsVisible = 0;
			defaultConfigurationName = Release;
		};
		F25EFD7326917A220025C748 /* Build configuration list for PBXNativeTarget "miyagi_couponTests" */ = {
			isa = XCConfigurationList;
			buildConfigurations = (
				F25EFD7426917A220025C748 /* Debug */,
				F25EFD7526917A220025C748 /* Release */,
			);
			defaultConfigurationIsVisible = 0;
			defaultConfigurationName = Release;
		};
		F25EFD7626917A220025C748 /* Build configuration list for PBXNativeTarget "miyagi_couponUITests" */ = {
			isa = XCConfigurationList;
			buildConfigurations = (
				F25EFD7726917A220025C748 /* Debug */,
				F25EFD7826917A220025C748 /* Release */,
			);
			defaultConfigurationIsVisible = 0;
			defaultConfigurationName = Release;
		};
/* End XCConfigurationList section */

/* Begin XCRemoteSwiftPackageReference section */
		F27C7ECF26BBDAC60072CC7A /* XCRemoteSwiftPackageReference "amplify-ios" */ = {
			isa = XCRemoteSwiftPackageReference;
			repositoryURL = "https://github.com/aws-amplify/amplify-ios";
			requirement = {
				kind = upToNextMajorVersion;
				minimumVersion = 1.13.0;
			};
		};
		F291067C26C0089C00D19BA6 /* XCRemoteSwiftPackageReference "Kingfisher" */ = {
			isa = XCRemoteSwiftPackageReference;
			repositoryURL = "https://github.com/onevcat/Kingfisher.git";
			requirement = {
				kind = upToNextMajorVersion;
				minimumVersion = 6.3.1;
			};
		};
/* End XCRemoteSwiftPackageReference section */

/* Begin XCSwiftPackageProductDependency section */
		F27C7ED026BBDAC60072CC7A /* Amplify */ = {
			isa = XCSwiftPackageProductDependency;
			package = F27C7ECF26BBDAC60072CC7A /* XCRemoteSwiftPackageReference "amplify-ios" */;
			productName = Amplify;
		};
		F27C7ED226BBDAC60072CC7A /* AWSCognitoAuthPlugin */ = {
			isa = XCSwiftPackageProductDependency;
			package = F27C7ECF26BBDAC60072CC7A /* XCRemoteSwiftPackageReference "amplify-ios" */;
			productName = AWSCognitoAuthPlugin;
		};
		F27C7ED426BBDAC60072CC7A /* AWSS3StoragePlugin */ = {
			isa = XCSwiftPackageProductDependency;
			package = F27C7ECF26BBDAC60072CC7A /* XCRemoteSwiftPackageReference "amplify-ios" */;
			productName = AWSS3StoragePlugin;
		};
		F27C7ED626BBDAC60072CC7A /* AWSAPIPlugin */ = {
			isa = XCSwiftPackageProductDependency;
			package = F27C7ECF26BBDAC60072CC7A /* XCRemoteSwiftPackageReference "amplify-ios" */;
			productName = AWSAPIPlugin;
		};
		F27C7ED826BBDAC60072CC7A /* AWSDataStorePlugin */ = {
			isa = XCSwiftPackageProductDependency;
			package = F27C7ECF26BBDAC60072CC7A /* XCRemoteSwiftPackageReference "amplify-ios" */;
			productName = AWSDataStorePlugin;
		};
		F291067D26C0089C00D19BA6 /* Kingfisher */ = {
			isa = XCSwiftPackageProductDependency;
			package = F291067C26C0089C00D19BA6 /* XCRemoteSwiftPackageReference "Kingfisher" */;
			productName = Kingfisher;
		};
/* End XCSwiftPackageProductDependency section */
	};
	rootObject = F25EFD4326917A170025C748 /* Project object */;
}
